# @generated - this file is auto-generated by `mise lock` https://mise.jdx.dev/dev-tools/mise-lock.html

[[tools.opentofu]]
version = "1.11.6"
backend = "aqua:opentofu/opentofu"

[tools.opentofu."platforms.linux-arm64"]
checksum = "sha256:d4f2ab15776925864b049bb329d69682851de6f5204f256e9fa86d07a0308850"
url = "https://github.com/opentofu/opentofu/releases/download/v1.11.6/tofu_1.11.6_linux_arm64.tar.gz"

[tools.opentofu."platforms.linux-arm64-musl"]
checksum = "sha256:d4f2ab15776925864b049bb329d69682851de6f5204f256e9fa86d07a0308850"
url = "https://github.com/opentofu/opentofu/releases/download/v1.11.6/tofu_1.11.6_linux_arm64.tar.gz"

[tools.opentofu."platforms.linux-x64"]
checksum = "sha256:02800fafa2753a9f50c38483e2fdf5bc353fd62895eb9e25eec9a5145df3a69e"
url = "https://github.com/opentofu/opentofu/releases/download/v1.11.6/tofu_1.11.6_linux_amd64.tar.gz"

[tools.opentofu."platforms.linux-x64-musl"]
checksum = "sha256:02800fafa2753a9f50c38483e2fdf5bc353fd62895eb9e25eec9a5145df3a69e"
url = "https://github.com/opentofu/opentofu/releases/download/v1.11.6/tofu_1.11.6_linux_amd64.tar.gz"

[tools.opentofu."platforms.macos-arm64"]
checksum = "sha256:62d7fa8539e13b444827aa0a3b90c5972da5c47e8f8882d9dcf2e430e78840c1"
url = "https://github.com/opentofu/opentofu/releases/download/v1.11.6/tofu_1.11.6_darwin_arm64.tar.gz"

[tools.opentofu."platforms.macos-x64"]
checksum = "sha256:1408cdef1c380f914565e6b4bb70794c6b163f195fcb233357f3d6c5745906b6"
url = "https://github.com/opentofu/opentofu/releases/download/v1.11.6/tofu_1.11.6_darwin_amd64.tar.gz"

[tools.opentofu."platforms.windows-x64"]
checksum = "sha256:27323f70c875b8251bfd7e61a4cffc3ebff4e56ed1e611b955016f0c7077367e"
url = "https://github.com/opentofu/opentofu/releases/download/v1.11.6/tofu_1.11.6_windows_amd64.tar.gz"

[[tools.task]]
version = "3.50.0"
backend = "aqua:go-task/task"

[tools.task."platforms.linux-arm64"]
checksum = "sha256:ee67e7d999a4a70711bff1946c70bf76628012c91d9be55626ee90ba976897da"
url = "https://github.com/go-task/task/releases/download/v3.50.0/task_linux_arm64.tar.gz"

[tools.task."platforms.linux-arm64-musl"]
checksum = "sha256:ee67e7d999a4a70711bff1946c70bf76628012c91d9be55626ee90ba976897da"
url = "https://github.com/go-task/task/releases/download/v3.50.0/task_linux_arm64.tar.gz"

[tools.task."platforms.linux-x64"]
checksum = "sha256:d449ba85ab85a0769989d78f8b9872938e4ba9347f7f4f925f73d98272a0a655"
url = "https://github.com/go-task/task/releases/download/v3.50.0/task_linux_amd64.tar.gz"

[tools.task."platforms.linux-x64-musl"]
checksum = "sha256:d449ba85ab85a0769989d78f8b9872938e4ba9347f7f4f925f73d98272a0a655"
url = "https://github.com/go-task/task/releases/download/v3.50.0/task_linux_amd64.tar.gz"

[tools.task."platforms.macos-arm64"]
checksum = "sha256:838b7954f227b5e8f798ad83111195aed810cf4f98dfabef4aa77ea065dd74b0"
url = "https://github.com/go-task/task/releases/download/v3.50.0/task_darwin_arm64.tar.gz"

[tools.task."platforms.macos-x64"]
checksum = "sha256:da3ba003ec049fb8be1ff798132c951dcd08a60efbdc2d1e918bf2095cd4a39c"
url = "https://github.com/go-task/task/releases/download/v3.50.0/task_darwin_amd64.tar.gz"

[tools.task."platforms.windows-x64"]
checksum = "sha256:82c20fbd19ac62073b8ecf89e026fbd209f702a2922106e4ff2ed6934d193038"
url = "https://github.com/go-task/task/releases/download/v3.50.0/task_windows_amd64.zip"

[[tools.terraform-docs]]
version = "0.24.0"
backend = "aqua:terraform-docs/terraform-docs"

[tools.terraform-docs."platforms.linux-arm64"]
checksum = "sha256:d12bd7b73c1fc9c64efc79f8157dd713dabd559f1ecf3cfc0f42e32279a155fd"
url = "https://github.com/terraform-docs/terraform-docs/releases/download/v0.24.0/terraform-docs-v0.24.0-linux-arm64.tar.gz"

[tools.terraform-docs."platforms.linux-arm64-musl"]
checksum = "sha256:d12bd7b73c1fc9c64efc79f8157dd713dabd559f1ecf3cfc0f42e32279a155fd"
url = "https://github.com/terraform-docs/terraform-docs/releases/download/v0.24.0/terraform-docs-v0.24.0-linux-arm64.tar.gz"

[tools.terraform-docs."platforms.linux-x64"]
checksum = "sha256:9005daf969de0b50134493a2c00078b49f5f5b39d021cda7c89bf4d4f3d776d3"
url = "https://github.com/terraform-docs/terraform-docs/releases/download/v0.24.0/terraform-docs-v0.24.0-linux-amd64.tar.gz"

[tools.terraform-docs."platforms.linux-x64-musl"]
checksum = "sha256:9005daf969de0b50134493a2c00078b49f5f5b39d021cda7c89bf4d4f3d776d3"
url = "https://github.com/terraform-docs/terraform-docs/releases/download/v0.24.0/terraform-docs-v0.24.0-linux-amd64.tar.gz"

[tools.terraform-docs."platforms.macos-arm64"]
checksum = "sha256:f6b114f4b032f3f9202ab6c23bfd28c3c8e68aeeb8a8f12fc118bf2073081d71"
url = "https://github.com/terraform-docs/terraform-docs/releases/download/v0.24.0/terraform-docs-v0.24.0-darwin-arm64.tar.gz"

[tools.terraform-docs."platforms.macos-x64"]
checksum = "sha256:3c3f7f18f908457fd1209cbe341418f7f6bae78c08126cfbe8de0d1b06aa8781"
url = "https://github.com/terraform-docs/terraform-docs/releases/download/v0.24.0/terraform-docs-v0.24.0-darwin-amd64.tar.gz"

[tools.terraform-docs."platforms.windows-x64"]
checksum = "sha256:afc02cbdf63726d3e5fb26a077ca1f24acd4820d7e44c21b03a3e030f9266490"
url = "https://github.com/terraform-docs/terraform-docs/releases/download/v0.24.0/terraform-docs-v0.24.0-windows-amd64.zip"

[[tools.tflint]]
version = "0.62.0"
backend = "aqua:terraform-linters/tflint"

[tools.tflint."platforms.linux-arm64"]
checksum = "sha256:064206ec85adaf90f637c880eb3cd5a8e07ddce09e4da7c813eb362cb794f95f"
url = "https://github.com/terraform-linters/tflint/releases/download/v0.62.0/tflint_linux_arm64.zip"

[tools.tflint."platforms.linux-arm64-musl"]
checksum = "sha256:064206ec85adaf90f637c880eb3cd5a8e07ddce09e4da7c813eb362cb794f95f"
url = "https://github.com/terraform-linters/tflint/releases/download/v0.62.0/tflint_linux_arm64.zip"

[tools.tflint."platforms.linux-x64"]
checksum = "sha256:000400d7f4c2236d9ed4b35fec3ee95617c3747571593cc6138169fc78cc226a"
url = "https://github.com/terraform-linters/tflint/releases/download/v0.62.0/tflint_linux_amd64.zip"

[tools.tflint."platforms.linux-x64-musl"]
checksum = "sha256:000400d7f4c2236d9ed4b35fec3ee95617c3747571593cc6138169fc78cc226a"
url = "https://github.com/terraform-linters/tflint/releases/download/v0.62.0/tflint_linux_amd64.zip"

[tools.tflint."platforms.macos-arm64"]
checksum = "sha256:56064a392e688f51c893a0d3bc1470fdf523f8d579080c718d026f1692613419"
url = "https://github.com/terraform-linters/tflint/releases/download/v0.62.0/tflint_darwin_arm64.zip"

[tools.tflint."platforms.macos-x64"]
checksum = "sha256:6aa1defaac89eab227008301af399225afd9ee6f124d13e570323cf588491b8a"
url = "https://github.com/terraform-linters/tflint/releases/download/v0.62.0/tflint_darwin_amd64.zip"

[tools.tflint."platforms.windows-x64"]
checksum = "sha256:d2b28caf4f312805edd06c7aede494135d1babb301db32e9b68994d2038936e4"
url = "https://github.com/terraform-linters/tflint/releases/download/v0.62.0/tflint_windows_amd64.zip"
